// !$*UTF8*$!
{
	archiveVersion = 1;
	classes = {
	};
	objectVersion = 56;
	objects = {

/* Begin PBXBuildFile section */
		185B76F429274CC7008A4E6B /* Post.swift in Sources */ = {isa = PBXBuildFile; fileRef = 185B76F329274CC7008A4E6B /* Post.swift */; };
		185B76F729274D23008A4E6B /* PostTableViewCell.swift in Sources */ = {isa = PBXBuildFile; fileRef = 185B76F529274D23008A4E6B /* PostTableViewCell.swift */; };
		185B76F829274D23008A4E6B /* PostTableViewCell.xib in Resources */ = {isa = PBXBuildFile; fileRef = 185B76F629274D23008A4E6B /* PostTableViewCell.xib */; };
		185C797F292E260000B268A7 /* SecondViewController.swift in Sources */ = {isa = PBXBuildFile; fileRef = 185C797E292E260000B268A7 /* SecondViewController.swift */; };
		18B2FC20291BA76D00EB4A25 /* AppDelegate.swift in Sources */ = {isa = PBXBuildFile; fileRef = 18B2FC1F291BA76D00EB4A25 /* AppDelegate.swift */; };
		18B2FC22291BA76D00EB4A25 /* SceneDelegate.swift in Sources */ = {isa = PBXBuildFile; fileRef = 18B2FC21291BA76D00EB4A25 /* SceneDelegate.swift */; };
		18B2FC24291BA76D00EB4A25 /* ViewController.swift in Sources */ = {isa = PBXBuildFile; fileRef = 18B2FC23291BA76D00EB4A25 /* ViewController.swift */; };
		18B2FC27291BA76D00EB4A25 /* Main.storyboard in Resources */ = {isa = PBXBuildFile; fileRef = 18B2FC25291BA76D00EB4A25 /* Main.storyboard */; };
		18B2FC29291BA77000EB4A25 /* Assets.xcassets in Resources */ = {isa = PBXBuildFile; fileRef = 18B2FC28291BA77000EB4A25 /* Assets.xcassets */; };
		18B2FC2C291BA77000EB4A25 /* LaunchScreen.storyboard in Resources */ = {isa = PBXBuildFile; fileRef = 18B2FC2A291BA77000EB4A25 /* LaunchScreen.storyboard */; };
		227970128CB5CDD6412BFECC /* Pods_podDemo.framework in Frameworks */ = {isa = PBXBuildFile; fileRef = 08CE9149379744E6FA6FEF49 /* Pods_podDemo.framework */; };
/* End PBXBuildFile section */

/* Begin PBXFileReference section */
		08CE9149379744E6FA6FEF49 /* Pods_podDemo.framework */ = {isa = PBXFileReference; explicitFileType = wrapper.framework; includeInIndex = 0; path = Pods_podDemo.framework; sourceTree = BUILT_PRODUCTS_DIR; };
		185B76F329274CC7008A4E6B /* Post.swift */ = {isa = PBXFileReference; lastKnownFileType = sourcecode.swift; path = Post.swift; sourceTree = "<group>"; };
		185B76F529274D23008A4E6B /* PostTableViewCell.swift */ = {isa = PBXFileReference; lastKnownFileType = sourcecode.swift; path = PostTableViewCell.swift; sourceTree = "<group>"; };
		185B76F629274D23008A4E6B /* PostTableViewCell.xib */ = {isa = PBXFileReference; lastKnownFileType = file.xib; path = PostTableViewCell.xib; sourceTree = "<group>"; };
		185C797E292E260000B268A7 /* SecondViewController.swift */ = {isa = PBXFileReference; lastKnownFileType = sourcecode.swift; path = SecondViewController.swift; sourceTree = "<group>"; };
		18B2FC1C291BA76D00EB4A25 /* podDemo.app */ = {isa = PBXFileReference; explicitFileType = wrapper.application; includeInIndex = 0; path = podDemo.app; sourceTree = BUILT_PRODUCTS_DIR; };
		18B2FC1F291BA76D00EB4A25 /* AppDelegate.swift */ = {isa = PBXFileReference; lastKnownFileType = sourcecode.swift; path = AppDelegate.swift; sourceTree = "<group>"; };
		18B2FC21291BA76D00EB4A25 /* SceneDelegate.swift */ = {isa = PBXFileReference; lastKnownFileType = sourcecode.swift; path = SceneDelegate.swift; sourceTree = "<group>"; };
		18B2FC23291BA76D00EB4A25 /* ViewController.swift */ = {isa = PBXFileReference; lastKnownFileType = sourcecode.swift; path = ViewController.swift; sourceTree = "<group>"; };
		18B2FC26291BA76D00EB4A25 /* Base */ = {isa = PBXFileReference; lastKnownFileType = file.storyboard; name = Base; path = Base.lproj/Main.storyboard; sourceTree = "<group>"; };
		18B2FC28291BA77000EB4A25 /* Assets.xcassets */ = {isa = PBXFileReference; lastKnownFileType = folder.assetcatalog; path = Assets.xcassets; sourceTree = "<group>"; };
		18B2FC2B291BA77000EB4A25 /* Base */ = {isa = PBXFileReference; lastKnownFileType = file.storyboard; name = Base; path = Base.lproj/LaunchScreen.storyboard; sourceTree = "<group>"; };
		18B2FC2D291BA77000EB4A25 /* Info.plist */ = {isa = PBXFileReference; lastKnownFileType = text.plist.xml; path = Info.plist; sourceTree = "<group>"; };
		38EB5B2A1109FFF1405FCE21 /* Pods-podDemo.debug.xcconfig */ = {isa = PBXFileReference; includeInIndex = 1; lastKnownFileType = text.xcconfig; name = "Pods-podDemo.debug.xcconfig"; path = "Target Support Files/Pods-podDemo/Pods-podDemo.debug.xcconfig"; sourceTree = "<group>"; };
		B6B0F9E9050BF6935EA2CBC1 /* Pods-podDemo.release.xcconfig */ = {isa = PBXFileReference; includeInIndex = 1; lastKnownFileType = text.xcconfig; name = "Pods-podDemo.release.xcconfig"; path = "Target Support Files/Pods-podDemo/Pods-podDemo.release.xcconfig"; sourceTree = "<group>"; };
/* End PBXFileReference section */

/* Begin PBXFrameworksBuildPhase section */
		18B2FC19291BA76D00EB4A25 /* Frameworks */ = {
			isa = PBXFrameworksBuildPhase;
			buildActionMask = 2147483647;
			files = (
				227970128CB5CDD6412BFECC /* Pods_podDemo.framework in Frameworks */,
			);
			runOnlyForDeploymentPostprocessing = 0;
		};
/* End PBXFrameworksBuildPhase section */

/* Begin PBXGroup section */
		18B2FC13291BA76D00EB4A25 = {
			isa = PBXGroup;
			children = (
				18B2FC1E291BA76D00EB4A25 /* podDemo */,
				18B2FC1D291BA76D00EB4A25 /* Products */,
				CED3BE7FAFAB9713CED2CF5B /* Pods */,
				35D70A72D61A199B71A2DF65 /* Frameworks */,
			);
			sourceTree = "<group>";
		};
		18B2FC1D291BA76D00EB4A25 /* Products */ = {
			isa = PBXGroup;
			children = (
				18B2FC1C291BA76D00EB4A25 /* podDemo.app */,
			);
			name = Products;
			sourceTree = "<group>";
		};
		18B2FC1E291BA76D00EB4A25 /* podDemo */ = {
			isa = PBXGroup;
			children = (
				18B2FC1F291BA76D00EB4A25 /* AppDelegate.swift */,
				18B2FC21291BA76D00EB4A25 /* SceneDelegate.swift */,
				18B2FC23291BA76D00EB4A25 /* ViewController.swift */,
				185C797E292E260000B268A7 /* SecondViewController.swift */,
				185B76F529274D23008A4E6B /* PostTableViewCell.swift */,
				185B76F629274D23008A4E6B /* PostTableViewCell.xib */,
				185B76F329274CC7008A4E6B /* Post.swift */,
				18B2FC25291BA76D00EB4A25 /* Main.storyboard */,
				18B2FC28291BA77000EB4A25 /* Assets.xcassets */,
				18B2FC2A291BA77000EB4A25 /* LaunchScreen.storyboard */,
				18B2FC2D291BA77000EB4A25 /* Info.plist */,
			);
			path = podDemo;
			sourceTree = "<group>";
		};
		35D70A72D61A199B71A2DF65 /* Frameworks */ = {
			isa = PBXGroup;
			children = (
				08CE9149379744E6FA6FEF49 /* Pods_podDemo.framework */,
			);
			name = Frameworks;
			sourceTree = "<group>";
		};
		CED3BE7FAFAB9713CED2CF5B /* Pods */ = {
			isa = PBXGroup;
			children = (
				38EB5B2A1109FFF1405FCE21 /* Pods-podDemo.debug.xcconfig */,
				B6B0F9E9050BF6935EA2CBC1 /* Pods-podDemo.release.xcconfig */,
			);
			path = Pods;
			sourceTree = "<group>";
		};
/* End PBXGroup section */

/* Begin PBXNativeTarget section */
		18B2FC1B291BA76D00EB4A25 /* podDemo */ = {
			isa = PBXNativeTarget;
			buildConfigurationList = 18B2FC30291BA77000EB4A25 /* Build configuration list for PBXNativeTarget "podDemo" */;
			buildPhases = (
				9EFD72DE71DC11C4C2EACE73 /* [CP] Check Pods Manifest.lock */,
				18B2FC18291BA76D00EB4A25 /* Sources */,
				18B2FC19291BA76D00EB4A25 /* Frameworks */,
				18B2FC1A291BA76D00EB4A25 /* Resources */,
				794FEE3EBC9219B62F0FB89A /* [CP] Embed Pods Frameworks */,
			);
			buildRules = (
			);
			dependencies = (
			);
			name = podDemo;
			productName = podDemo;
			productReference = 18B2FC1C291BA76D00EB4A25 /* podDemo.app */;
			productType = "com.apple.product-type.application";
		};
/* End PBXNativeTarget section */

/* Begin PBXProject section */
		18B2FC14291BA76D00EB4A25 /* Project object */ = {
			isa = PBXProject;
			attributes = {
				BuildIndependentTargetsInParallel = 1;
				LastSwiftUpdateCheck = 1400;
				LastUpgradeCheck = 1400;
				TargetAttributes = {
					18B2FC1B291BA76D00EB4A25 = {
						CreatedOnToolsVersion = 14.0.1;
					};
				};
			};
			buildConfigurationList = 18B2FC17291BA76D00EB4A25 /* Build configuration list for PBXProject "podDemo" */;
			compatibilityVersion = "Xcode 14.0";
			developmentRegion = en;
			hasScannedForEncodings = 0;
			knownRegions = (
				en,
				Base,
			);
			mainGroup = 18B2FC13291BA76D00EB4A25;
			productRefGroup = 18B2FC1D291BA76D00EB4A25 /* Products */;
			projectDirPath = "";
			projectRoot = "";
			targets = (
				18B2FC1B291BA76D00EB4A25 /* podDemo */,
			);
		};
/* End PBXProject section */

/* Begin PBXResourcesBuildPhase section */
		18B2FC1A291BA76D00EB4A25 /* Resources */ = {
			isa = PBXResourcesBuildPhase;
			buildActionMask = 2147483647;
			files = (
				18B2FC2C291BA77000EB4A25 /* LaunchScreen.storyboard in Resources */,
				18B2FC29291BA77000EB4A25 /* Assets.xcassets in Resources */,
				18B2FC27291BA76D00EB4A25 /* Main.storyboard in Resources */,
				185B76F829274D23008A4E6B /* PostTableViewCell.xib in Resources */,
			);
			runOnlyForDeploymentPostprocessing = 0;
		};
/* End PBXResourcesBuildPhase section */

/* Begin PBXShellScriptBuildPhase section */
		794FEE3EBC9219B62F0FB89A /* [CP] Embed Pods Frameworks */ = {
			isa = PBXShellScriptBuildPhase;
			buildActionMask = 2147483647;
			files = (
			);
			inputFileListPaths = (
				"${PODS_ROOT}/Target Support Files/Pods-podDemo/Pods-podDemo-frameworks-${CONFIGURATION}-input-files.xcfilelist",
			);
			name = "[CP] Embed Pods Frameworks";
			outputFileListPaths = (
				"${PODS_ROOT}/Target Support Files/Pods-podDemo/Pods-podDemo-frameworks-${CONFIGURATION}-output-files.xcfilelist",
			);
			runOnlyForDeploymentPostprocessing = 0;
			shellPath = /bin/sh;
			shellScript = "\"${PODS_ROOT}/Target Support Files/Pods-podDemo/Pods-podDemo-frameworks.sh\"\n";
			showEnvVarsInLog = 0;
		};
		9EFD72DE71DC11C4C2EACE73 /* [CP] Check Pods Manifest.lock */ = {
			isa = PBXShellScriptBuildPhase;
			buildActionMask = 2147483647;
			files = (
			);
			inputFileListPaths = (
			);
			inputPaths = (
				"${PODS_PODFILE_DIR_PATH}/Podfile.lock",
				"${PODS_ROOT}/Manifest.lock",
			);
			name = "[CP] Check Pods Manifest.lock";
			outputFileListPaths = (
			);
			outputPaths = (
				"$(DERIVED_FILE_DIR)/Pods-podDemo-checkManifestLockResult.txt",
			);
			runOnlyForDeploymentPostprocessing = 0;
			shellPath = /bin/sh;
			shellScript = "diff \"${PODS_PODFILE_DIR_PATH}/Podfile.lock\" \"${PODS_ROOT}/Manifest.lock\" > /dev/null\nif [ $? != 0 ] ; then\n    # print error to STDERR\n    echo \"error: The sandbox is not in sync with the Podfile.lock. Run 'pod install' or update your CocoaPods installation.\" >&2\n    exit 1\nfi\n# This output is used by Xcode 'outputs' to avoid re-running this script phase.\necho \"SUCCESS\" > \"${SCRIPT_OUTPUT_FILE_0}\"\n";
			showEnvVarsInLog = 0;
		};
/* End PBXShellScriptBuildPhase section */

/* Begin PBXSourcesBuildPhase section */
		18B2FC18291BA76D00EB4A25 /* Sources */ = {
			isa = PBXSourcesBuildPhase;
			buildActionMask = 2147483647;
			files = (
				185C797F292E260000B268A7 /* SecondViewController.swift in Sources */,
				18B2FC24291BA76D00EB4A25 /* ViewController.swift in Sources */,
				18B2FC20291BA76D00EB4A25 /* AppDelegate.swift in Sources */,
				185B76F729274D23008A4E6B /* PostTableViewCell.swift in Sources */,
				18B2FC22291BA76D00EB4A25 /* SceneDelegate.swift in Sources */,
				185B76F429274CC7008A4E6B /* Post.swift in Sources */,
			);
			runOnlyForDeploymentPostprocessing = 0;
		};
/* End PBXSourcesBuildPhase section */

/* Begin PBXVariantGroup section */
		18B2FC25291BA76D00EB4A25 /* Main.storyboard */ = {
			isa = PBXVariantGroup;
			children = (
				18B2FC26291BA76D00EB4A25 /* Base */,
			);
			name = Main.storyboard;
			sourceTree = "<group>";
		};
		18B2FC2A291BA77000EB4A25 /* LaunchScreen.storyboard */ = {
			isa = PBXVariantGroup;
			children = (
				18B2FC2B291BA77000EB4A25 /* Base */,
			);
			name = LaunchScreen.storyboard;
			sourceTree = "<group>";
		};
/* End PBXVariantGroup section */

/* Begin XCBuildConfiguration section */
		18B2FC2E291BA77000EB4A25 /* Debug */ = {
			isa = XCBuildConfiguration;
			buildSettings = {
				ALWAYS_SEARCH_USER_PATHS = NO;
				CLANG_ANALYZER_NONNULL = YES;
				CLANG_ANALYZER_NUMBER_OBJECT_CONVERSION = YES_AGGRESSIVE;
				CLANG_CXX_LANGUAGE_STANDARD = "gnu++20";
				CLANG_ENABLE_MODULES = YES;
				CLANG_ENABLE_OBJC_ARC = YES;
				CLANG_ENABLE_OBJC_WEAK = YES;
				CLANG_WARN_BLOCK_CAPTURE_AUTORELEASING = YES;
				CLANG_WARN_BOOL_CONVERSION = YES;
				CLANG_WARN_COMMA = YES;
				CLANG_WARN_CONSTANT_CONVERSION = YES;
				CLANG_WARN_DEPRECATED_OBJC_IMPLEMENTATIONS = YES;
				CLANG_WARN_DIRECT_OBJC_ISA_USAGE = YES_ERROR;
				CLANG_WARN_DOCUMENTATION_COMMENTS = YES;
				CLANG_WARN_EMPTY_BODY = YES;
				CLANG_WARN_ENUM_CONVERSION = YES;
				CLANG_WARN_INFINITE_RECURSION = YES;
				CLANG_WARN_INT_CONVERSION = YES;
				CLANG_WARN_NON_LITERAL_NULL_CONVERSION = YES;
				CLANG_WARN_OBJC_IMPLICIT_RETAIN_SELF = YES;
				CLANG_WARN_OBJC_LITERAL_CONVERSION = YES;
				CLANG_WARN_OBJC_ROOT_CLASS = YES_ERROR;
				CLANG_WARN_QUOTED_INCLUDE_IN_FRAMEWORK_HEADER = YES;
				CLANG_WARN_RANGE_LOOP_ANALYSIS = YES;
				CLANG_WARN_STRICT_PROTOTYPES = YES;
				CLANG_WARN_SUSPICIOUS_MOVE = YES;
				CLANG_WARN_UNGUARDED_AVAILABILITY = YES_AGGRESSIVE;
				CLANG_WARN_UNREACHABLE_CODE = YES;
				CLANG_WARN__DUPLICATE_METHOD_MATCH = YES;
				COPY_PHASE_STRIP = NO;
				DEBUG_INFORMATION_FORMAT = dwarf;
				ENABLE_STRICT_OBJC_MSGSEND = YES;
				ENABLE_TESTABILITY = YES;
				GCC_C_LANGUAGE_STANDARD = gnu11;
				GCC_DYNAMIC_NO_PIC = NO;
				GCC_NO_COMMON_BLOCKS = YES;
				GCC_OPTIMIZATION_LEVEL = 0;
				GCC_PREPROCESSOR_DEFINITIONS = (
					"DEBUG=1",
					"$(inherited)",
				);
				GCC_WARN_64_TO_32_BIT_CONVERSION = YES;
				GCC_WARN_ABOUT_RETURN_TYPE = YES_ERROR;
				GCC_WARN_UNDECLARED_SELECTOR = YES;
				GCC_WARN_UNINITIALIZED_AUTOS = YES_AGGRESSIVE;
				GCC_WARN_UNUSED_FUNCTION = YES;
				GCC_WARN_UNUSED_VARIABLE = YES;
				IPHONEOS_DEPLOYMENT_TARGET = 16.0;
				MTL_ENABLE_DEBUG_INFO = INCLUDE_SOURCE;
				MTL_FAST_MATH = YES;
				ONLY_ACTIVE_ARCH = YES;
				SDKROOT = iphoneos;
				SWIFT_ACTIVE_COMPILATION_CONDITIONS = DEBUG;
				SWIFT_OPTIMIZATION_LEVEL = "-Onone";
			};
			name = Debug;
		};
		18B2FC2F291BA77000EB4A25 /* Release */ = {
			isa = XCBuildConfiguration;
			buildSettings = {
				ALWAYS_SEARCH_USER_PATHS = NO;
				CLANG_ANALYZER_NONNULL = YES;
				CLANG_ANALYZER_NUMBER_OBJECT_CONVERSION = YES_AGGRESSIVE;
				CLANG_CXX_LANGUAGE_STANDARD = "gnu++20";
				CLANG_ENABLE_MODULES = YES;
				CLANG_ENABLE_OBJC_ARC = YES;
				CLANG_ENABLE_OBJC_WEAK = YES;
				CLANG_WARN_BLOCK_CAPTURE_AUTORELEASING = YES;
				CLANG_WARN_BOOL_CONVERSION = YES;
				CLANG_WARN_COMMA = YES;
				CLANG_WARN_CONSTANT_CONVERSION = YES;
				CLANG_WARN_DEPRECATED_OBJC_IMPLEMENTATIONS = YES;
				CLANG_WARN_DIRECT_OBJC_ISA_USAGE = YES_ERROR;
				CLANG_WARN_DOCUMENTATION_COMMENTS = YES;
				CLANG_WARN_EMPTY_BODY = YES;
				CLANG_WARN_ENUM_CONVERSION = YES;
				CLANG_WARN_INFINITE_RECURSION = YES;
				CLANG_WARN_INT_CONVERSION = YES;
				CLANG_WARN_NON_LITERAL_NULL_CONVERSION = YES;
				CLANG_WARN_OBJC_IMPLICIT_RETAIN_SELF = YES;
				CLANG_WARN_OBJC_LITERAL_CONVERSION = YES;
				CLANG_WARN_OBJC_ROOT_CLASS = YES_ERROR;
				CLANG_WARN_QUOTED_INCLUDE_IN_FRAMEWORK_HEADER = YES;
				CLANG_WARN_RANGE_LOOP_ANALYSIS = YES;
				CLANG_WARN_STRICT_PROTOTYPES = YES;
				CLANG_WARN_SUSPICIOUS_MOVE = YES;
				CLANG_WARN_UNGUARDED_AVAILABILITY = YES_AGGRESSIVE;
				CLANG_WARN_UNREACHABLE_CODE = YES;
				CLANG_WARN__DUPLICATE_METHOD_MATCH = YES;
				COPY_PHASE_STRIP = NO;
				DEBUG_INFORMATION_FORMAT = "dwarf-with-dsym";
				ENABLE_NS_ASSERTIONS = NO;
				ENABLE_STRICT_OBJC_MSGSEND = YES;
				GCC_C_LANGUAGE_STANDARD = gnu11;
				GCC_NO_COMMON_BLOCKS = YES;
				GCC_WARN_64_TO_32_BIT_CONVERSION = YES;
				GCC_WARN_ABOUT_RETURN_TYPE = YES_ERROR;
				GCC_WARN_UNDECLARED_SELECTOR = YES;
				GCC_WARN_UNINITIALIZED_AUTOS = YES_AGGRESSIVE;
				GCC_WARN_UNUSED_FUNCTION = YES;
				GCC_WARN_UNUSED_VARIABLE = YES;
				IPHONEOS_DEPLOYMENT_TARGET = 16.0;
				MTL_ENABLE_DEBUG_INFO = NO;
				MTL_FAST_MATH = YES;
				SDKROOT = iphoneos;
				SWIFT_COMPILATION_MODE = wholemodule;
				SWIFT_OPTIMIZATION_LEVEL = "-O";
				VALIDATE_PRODUCT = YES;
			};
			name = Release;
		};
		18B2FC31291BA77000EB4A25 /* Debug */ = {
			isa = XCBuildConfiguration;
			baseConfigurationReference = 38EB5B2A1109FFF1405FCE21 /* Pods-podDemo.debug.xcconfig */;
			buildSettings = {
				ASSETCATALOG_COMPILER_APPICON_NAME = AppIcon;
				ASSETCATALOG_COMPILER_GLOBAL_ACCENT_COLOR_NAME = AccentColor;
				CODE_SIGN_STYLE = Automatic;
				CURRENT_PROJECT_VERSION = 1;
				DEVELOPMENT_TEAM = 47Z8B6N6UG;
				GENERATE_INFOPLIST_FILE = YES;
				INFOPLIST_FILE = podDemo/Info.plist;
				INFOPLIST_KEY_UIApplicationSupportsIndirectInputEvents = YES;
				INFOPLIST_KEY_UILaunchStoryboardName = LaunchScreen;
				INFOPLIST_KEY_UIMainStoryboardFile = Main;
				INFOPLIST_KEY_UISupportedInterfaceOrientations_iPad = "UIInterfaceOrientationPortrait UIInterfaceOrientationPortraitUpsideDown UIInterfaceOrientationLandscapeLeft UIInterfaceOrientationLandscapeRight";
				INFOPLIST_KEY_UISupportedInterfaceOrientations_iPhone = "UIInterfaceOrientationPortrait UIInterfaceOrientationLandscapeLeft UIInterfaceOrientationLandscapeRight";
				LD_RUNPATH_SEARCH_PATHS = (
					"$(inherited)",
					"@executable_path/Frameworks",
				);
				MARKETING_VERSION = 1.0;
				PRODUCT_BUNDLE_IDENTIFIER = "sanketajabe2001-gmail.com.podDemo";
				PRODUCT_NAME = "$(TARGET_NAME)";
				SWIFT_EMIT_LOC_STRINGS = YES;
				SWIFT_VERSION = 5.0;
				TARGETED_DEVICE_FAMILY = "1,2";
			};
			name = Debug;
		};
		18B2FC32291BA77000EB4A25 /* Release */ = {
			isa = XCBuildConfiguration;
			baseConfigurationReference = B6B0F9E9050BF6935EA2CBC1 /* Pods-podDemo.release.xcconfig */;
			buildSettings = {
				ASSETCATALOG_COMPILER_APPICON_NAME = AppIcon;
				ASSETCATALOG_COMPILER_GLOBAL_ACCENT_COLOR_NAME = AccentColor;
				CODE_SIGN_STYLE = Automatic;
				CURRENT_PROJECT_VERSION = 1;
				DEVELOPMENT_TEAM = 47Z8B6N6UG;
				GENERATE_INFOPLIST_FILE = YES;
				INFOPLIST_FILE = podDemo/Info.plist;
				INFOPLIST_KEY_UIApplicationSupportsIndirectInputEvents = YES;
				INFOPLIST_KEY_UILaunchStoryboardName = LaunchScreen;
				INFOPLIST_KEY_UIMainStoryboardFile = Main;
				INFOPLIST_KEY_UISupportedInterfaceOrientations_iPad = "UIInterfaceOrientationPortrait UIInterfaceOrientationPortraitUpsideDown UIInterfaceOrientationLandscapeLeft UIInterfaceOrientationLandscapeRight";
				INFOPLIST_KEY_UISupportedInterfaceOrientations_iPhone = "UIInterfaceOrientationPortrait UIInterfaceOrientationLandscapeLeft UIInterfaceOrientationLandscapeRight";
				LD_RUNPATH_SEARCH_PATHS = (
					"$(inherited)",
					"@executable_path/Frameworks",
				);
				MARKETING_VERSION = 1.0;
				PRODUCT_BUNDLE_IDENTIFIER = "sanketajabe2001-gmail.com.podDemo";
				PRODUCT_NAME = "$(TARGET_NAME)";
				SWIFT_EMIT_LOC_STRINGS = YES;
				SWIFT_VERSION = 5.0;
				TARGETED_DEVICE_FAMILY = "1,2";
			};
			name = Release;
		};
/* End XCBuildConfiguration section */

/* Begin XCConfigurationList section */
		18B2FC17291BA76D00EB4A25 /* Build configuration list for PBXProject "podDemo" */ = {
			isa = XCConfigurationList;
			buildConfigurations = (
				18B2FC2E291BA77000EB4A25 /* Debug */,
				18B2FC2F291BA77000EB4A25 /* Release */,
			);
			defaultConfigurationIsVisible = 0;
			defaultConfigurationName = Release;
		};
		18B2FC30291BA77000EB4A25 /* Build configuration list for PBXNativeTarget "podDemo" */ = {
			isa = XCConfigurationList;
			buildConfigurations = (
				18B2FC31291BA77000EB4A25 /* Debug */,
				18B2FC32291BA77000EB4A25 /* Release */,
			);
			defaultConfigurationIsVisible = 0;
			defaultConfigurationName = Release;
		};
/* End XCConfigurationList section */
	};
	rootObject = 18B2FC14291BA76D00EB4A25 /* Project object */;
}
